
Microsoft Visual Studio Solution File, Format Version 12.00
# Visual Studio Version 17
VisualStudioVersion = 17.2.32526.322
MinimumVisualStudioVersion = 10.0.40219.1
Project("{9A19103F-16F7-4668-BE54-9A1E7A4F7556}") = "CircleRGB_v2", "CircleRGB_v2.csproj", "{BE022F0A-DBA2-452F-A051-7F9D397EC106}"
EndProject
Global
	GlobalSection(SolutionConfigurationPlatforms) = preSolution
		Debug|Any CPU = Debug|Any CPU
		Release|Any CPU = Release|Any CPU
	EndGlobalSection
	GlobalSection(ProjectConfigurationPlatforms) = postSolution
		{BE022F0A-DBA2-452F-A051-7F9D397EC106}.Debug|Any CPU.ActiveCfg = Release|Any CPU
		{BE022F0A-DBA2-452F-A051-7F9D397EC106}.Debug|Any CPU.Build.0 = Release|Any CPU
		{BE022F0A-DBA2-452F-A051-7F9D397EC106}.Release|Any CPU.ActiveCfg = Release|Any CPU
		{BE022F0A-DBA2-452F-A051-7F9D397EC106}.Release|Any CPU.Build.0 = Release|Any CPU
	EndGlobalSection
	GlobalSection(SolutionProperties) = preSolution
		HideSolutionNode = FALSE
	EndGlobalSection
	GlobalSection(ExtensibilityGlobals) = postSolution
		SolutionGuid = {934D85AA-589F-43EF-8021-F1AD0A86734D}
	EndGlobalSection
EndGlobal
